{
  "version": 4,
  "terraform_version": "1.0.7",
  "serial": 9,
  "lineage": "557f348a-0bc5-8bc9-a5af-44485cdc60a7",
  "outputs": {
    "app_public_ip": {
      "value": "54.176.42.91",
      "type": "string"
    },
    "app_url": {
      "value": "http://54.176.42.91:5000",
      "type": "string"
    },
    "instance_id": {
      "value": "i-0365d11234d10bf05",
      "type": "string"
    },
    "s3_bucket_name": {
      "value": "group-infra-selecao-eliasdantas.candidatoinfra1226",
      "type": "string"
    },
    "security_group_id": {
      "value": "sg-0f9d68eb998898aa2",
      "type": "string"
    }
  },
  "resources": [
    {
      "mode": "data",
      "type": "aws_ami",
      "name": "ubuntu",
      "provider": "provider[\"registry.terraform.io/hashicorp/aws\"]",
      "instances": [
        {
          "schema_version": 0,
          "attributes": {
            "allow_unsafe_filter": null,
            "architecture": "x86_64",
            "arn": "arn:aws:ec2:us-west-1::image/ami-08f0818b6106e509e",
            "block_device_mappings": [
              {
                "device_name": "/dev/sda1",
                "ebs": {
                  "delete_on_termination": "true",
                  "encrypted": "false",
                  "iops": "0",
                  "snapshot_id": "snap-0c2cf1ed3d7d130c5",
                  "throughput": "0",
                  "volume_initialization_rate": "0",
                  "volume_size": "8",
                  "volume_type": "gp2"
                },
                "no_device": "",
                "virtual_name": ""
              },
              {
                "device_name": "/dev/sdb",
                "ebs": {},
                "no_device": "",
                "virtual_name": "ephemeral0"
              },
              {
                "device_name": "/dev/sdc",
                "ebs": {},
                "no_device": "",
                "virtual_name": "ephemeral1"
              }
            ],
            "boot_mode": "uefi-preferred",
            "creation_date": "2025-11-22T06:49:07.000Z",
            "deprecation_time": "2027-11-22T06:49:07.000Z",
            "description": "Canonical, Ubuntu, 22.04, amd64 jammy image",
            "ena_support": true,
            "executable_users": null,
            "filter": [
              {
                "name": "name",
                "values": [
                  "ubuntu/images/hvm-ssd/ubuntu-jammy-22.04-amd64-server-*"
                ]
              },
              {
                "name": "virtualization-type",
                "values": [
                  "hvm"
                ]
              }
            ],
            "hypervisor": "xen",
            "id": "ami-08f0818b6106e509e",
            "image_id": "ami-08f0818b6106e509e",
            "image_location": "amazon/ubuntu/images/hvm-ssd/ubuntu-jammy-22.04-amd64-server-20251122",
            "image_owner_alias": "amazon",
            "image_type": "machine",
            "imds_support": "",
            "include_deprecated": false,
            "kernel_id": "",
            "last_launched_time": "",
            "most_recent": true,
            "name": "ubuntu/images/hvm-ssd/ubuntu-jammy-22.04-amd64-server-20251122",
            "name_regex": null,
            "owner_id": "099720109477",
            "owners": [
              "099720109477"
            ],
            "platform": "",
            "platform_details": "Linux/UNIX",
            "product_codes": [],
            "public": true,
            "ramdisk_id": "",
            "region": "us-west-1",
            "root_device_name": "/dev/sda1",
            "root_device_type": "ebs",
            "root_snapshot_id": "snap-0c2cf1ed3d7d130c5",
            "sriov_net_support": "simple",
            "state": "available",
            "state_reason": {
              "code": "UNSET",
              "message": "UNSET"
            },
            "tags": {},
            "timeouts": null,
            "tpm_support": "",
            "uefi_data": null,
            "usage_operation": "RunInstances",
            "virtualization_type": "hvm"
          },
          "sensitive_attributes": []
        }
      ]
    },
    {
      "mode": "managed",
      "type": "aws_instance",
      "name": "app",
      "provider": "provider[\"registry.terraform.io/hashicorp/aws\"]",
      "instances": [
        {
          "schema_version": 2,
          "attributes": {
            "ami": "ami-08f0818b6106e509e",
            "arn": "arn:aws:ec2:us-west-1:124664849530:instance/i-0365d11234d10bf05",
            "associate_public_ip_address": true,
            "availability_zone": "us-west-1a",
            "capacity_reservation_specification": [
              {
                "capacity_reservation_preference": "open",
                "capacity_reservation_target": []
              }
            ],
            "cpu_options": [
              {
                "amd_sev_snp": "",
                "core_count": 1,
                "threads_per_core": 2
              }
            ],
            "credit_specification": [
              {
                "cpu_credits": "unlimited"
              }
            ],
            "disable_api_stop": false,
            "disable_api_termination": false,
            "ebs_block_device": [],
            "ebs_optimized": false,
            "enable_primary_ipv6": null,
            "enclave_options": [
              {
                "enabled": false
              }
            ],
            "ephemeral_block_device": [],
            "force_destroy": false,
            "get_password_data": false,
            "hibernation": false,
            "host_id": "",
            "host_resource_group_arn": null,
            "iam_instance_profile": "",
            "id": "i-0365d11234d10bf05",
            "instance_initiated_shutdown_behavior": "stop",
            "instance_lifecycle": "",
            "instance_market_options": [],
            "instance_state": "running",
            "instance_type": "t3a.micro",
            "ipv6_address_count": 0,
            "ipv6_addresses": [],
            "key_name": "",
            "launch_template": [],
            "maintenance_options": [
              {
                "auto_recovery": "default"
              }
            ],
            "metadata_options": [
              {
                "http_endpoint": "enabled",
                "http_protocol_ipv6": "disabled",
                "http_put_response_hop_limit": 1,
                "http_tokens": "optional",
                "instance_metadata_tags": "disabled"
              }
            ],
            "monitoring": false,
            "network_interface": [],
            "outpost_arn": "",
            "password_data": "",
            "placement_group": "",
            "placement_group_id": "",
            "placement_partition_number": 0,
            "primary_network_interface": [
              {
                "delete_on_termination": true,
                "network_interface_id": "eni-0487f031a14927213"
              }
            ],
            "primary_network_interface_id": "eni-0487f031a14927213",
            "private_dns": "ip-10-0-1-163.us-west-1.compute.internal",
            "private_dns_name_options": [
              {
                "enable_resource_name_dns_a_record": false,
                "enable_resource_name_dns_aaaa_record": false,
                "hostname_type": "ip-name"
              }
            ],
            "private_ip": "10.0.1.163",
            "public_dns": "",
            "public_ip": "54.176.42.91",
            "region": "us-west-1",
            "root_block_device": [
              {
                "delete_on_termination": true,
                "device_name": "/dev/sda1",
                "encrypted": false,
                "iops": 3000,
                "kms_key_id": "",
                "tags": null,
                "tags_all": {},
                "throughput": 125,
                "volume_id": "vol-04a1d0b46017d17c2",
                "volume_size": 10,
                "volume_type": "gp3"
              }
            ],
            "secondary_private_ips": [],
            "security_groups": [],
            "source_dest_check": true,
            "spot_instance_request_id": "",
            "subnet_id": "subnet-0c5df2de9f630be41",
            "tags": {
              "Name": "Phoenix-App-Server"
            },
            "tags_all": {
              "Name": "Phoenix-App-Server"
            },
            "tenancy": "default",
            "timeouts": null,
            "user_data": "#!/bin/bash\nset -e\n\n# Atualiza sistema\napt-get update \u0026\u0026 apt-get upgrade -y\n\n# Instala Docker\napt-get install -y ca-certificates curl gnupg\ninstall -m 0755 -d /etc/apt/keyrings\ncurl -fsSL https://download.docker.com/linux/ubuntu/gpg | gpg --dearmor -o /etc/apt/keyrings/docker.gpg\nchmod a+r /etc/apt/keyrings/docker.gpg\necho \"deb [arch=$(dpkg --print-architecture) signed-by=/etc/apt/keyrings/docker.gpg] https://download.docker.com/linux/ubuntu $(. /etc/os-release \u0026\u0026 echo \"$VERSION_CODENAME\") stable\" | tee /etc/apt/sources.list.d/docker.list \u003e /dev/null\napt-get update\napt-get install -y docker-ce docker-ce-cli containerd.io\n\n# Adiciona usuário ubuntu ao grupo docker (opcional, para depuração)\nusermod -aG docker ubuntu\n\n# Cria diretório de log (necessário para bind mount)\nmkdir -p /var/log/phoenix\nchmod 777 /var/log/phoenix  # simplificação; ideal: usar usuário específico\n\n# Executa container (supondo que a imagem foi previamente construída e armazenada em ECR ou Docker Hub)\n# Para MVP, vamos construir localmente (não ideal para produção, mas aceitável no desafio)\ncat \u003e /home/ubuntu/app.py \u003c\u003c 'EOF'\nfrom flask import Flask\nimport os\napp = Flask(__name__)\n@app.route('/')\ndef hello():\n    with open('/var/log/app_access.log', 'a') as f:\n        f.write(\"Acesso recebido\\n\")\n    return \"Hello, Infrastructure Team!\"\nif __name__ == '__main__':\n    app.run(host='0.0.0.0', port=int(os.environ.get('PORT', 5000)))\nEOF\n\ncat \u003e /home/ubuntu/requirements.txt \u003c\u003c 'EOF'\nFlask==2.3.3\nEOF\n\ncat \u003e /home/ubuntu/Dockerfile \u003c\u003c 'EOF'\nFROM python:3.11-slim\nWORKDIR /app\nCOPY requirements.txt .\nRUN pip install --no-cache-dir -r requirements.txt\nCOPY app.py .\nEXPOSE 5000\nCMD [\"python\", \"app.py\"]\nEOF\n\ncd /home/ubuntu\ndocker build -t phoenix-app .\ndocker run -d --name phoenix -p 5000:5000 -v /var/log/phoenix:/var/log phoenix-app\n\n# Cria o script de monitoramento self-healing\ncat \u003e /usr/local/bin/phoenix-monitor.sh \u003c\u003c 'EOF'\n#!/bin/bash\nLOG_FILE=\"/var/log/app_access.log\"\nCONTAINER_NAME=\"phoenix\"\nMAX_LOG_SIZE=10485760  # 10 MB em bytes\n\n# Rotaciona log se maior que 10MB\nif [ -f \"$LOG_FILE\" ]; then\n  if [ $(stat -c%s \"$LOG_FILE\") -gt $MAX_LOG_SIZE ]; then\n    mv \"$LOG_FILE\" \"$LOG_FILE.$(date +%s).old\"\n    touch \"$LOG_FILE\"\n    chmod 644 \"$LOG_FILE\"\n    gzip -f \"$LOG_FILE.$(date +%s -d '1 sec').old\" 2\u003e/dev/null || true\n  fi\nfi\n\n# Verifica se a app responde e reinicia o container se necessário\nif ! curl -f --max-time 10 http://localhost:5000/ \u003e /dev/null 2\u003e\u00261; then\n  echo \"$(date): App inacessível. Reiniciando container '$CONTAINER_NAME'.\" \u003e\u003e /var/log/phoenix-monitor.log\n  docker restart \"$CONTAINER_NAME\"\nfi\nEOF\n\n# Torna o script executável\nchmod +x /usr/local/bin/phoenix-monitor.sh\n\n# Garante que o cron está ativo\nsystemctl enable --now cron\n\n# Agenda a execução a cada 2 minutos\necho \"*/2 * * * * /usr/local/bin/phoenix-monitor.sh\" \u003e /etc/cron.d/phoenix-monitor\nchmod 644 /etc/cron.d/phoenix-monitor",
            "user_data_base64": null,
            "user_data_replace_on_change": false,
            "volume_tags": null,
            "vpc_security_group_ids": [
              "sg-0f9d68eb998898aa2"
            ]
          },
          "sensitive_attributes": [],
          "private": "eyJlMmJmYjczMC1lY2FhLTExZTYtOGY4OC0zNDM2M2JjN2M0YzAiOnsiY3JlYXRlIjo2MDAwMDAwMDAwMDAsImRlbGV0ZSI6MTIwMDAwMDAwMDAwMCwicmVhZCI6OTAwMDAwMDAwMDAwLCJ1cGRhdGUiOjYwMDAwMDAwMDAwMH0sInNjaGVtYV92ZXJzaW9uIjoiMiJ9",
          "dependencies": [
            "aws_security_group.app_sg",
            "aws_subnet.public",
            "aws_vpc.main",
            "data.aws_ami.ubuntu"
          ]
        }
      ]
    },
    {
      "mode": "managed",
      "type": "aws_internet_gateway",
      "name": "gw",
      "provider": "provider[\"registry.terraform.io/hashicorp/aws\"]",
      "instances": [
        {
          "schema_version": 0,
          "attributes": {
            "arn": "arn:aws:ec2:us-west-1:124664849530:internet-gateway/igw-0d94077fe48961c2c",
            "id": "igw-0d94077fe48961c2c",
            "owner_id": "124664849530",
            "region": "us-west-1",
            "tags": {
              "Name": "Phoenix-IGW"
            },
            "tags_all": {
              "Name": "Phoenix-IGW"
            },
            "timeouts": null,
            "vpc_id": "vpc-0e8bb82cc7df38bed"
          },
          "sensitive_attributes": [],
          "private": "eyJlMmJmYjczMC1lY2FhLTExZTYtOGY4OC0zNDM2M2JjN2M0YzAiOnsiY3JlYXRlIjoxMjAwMDAwMDAwMDAwLCJkZWxldGUiOjEyMDAwMDAwMDAwMDAsInVwZGF0ZSI6MTIwMDAwMDAwMDAwMH19",
          "dependencies": [
            "aws_vpc.main"
          ]
        }
      ]
    },
    {
      "mode": "managed",
      "type": "aws_route_table",
      "name": "public",
      "provider": "provider[\"registry.terraform.io/hashicorp/aws\"]",
      "instances": [
        {
          "schema_version": 0,
          "attributes": {
            "arn": "arn:aws:ec2:us-west-1:124664849530:route-table/rtb-0738e36c709014908",
            "id": "rtb-0738e36c709014908",
            "owner_id": "124664849530",
            "propagating_vgws": [],
            "region": "us-west-1",
            "route": [
              {
                "carrier_gateway_id": "",
                "cidr_block": "0.0.0.0/0",
                "core_network_arn": "",
                "destination_prefix_list_id": "",
                "egress_only_gateway_id": "",
                "gateway_id": "igw-0d94077fe48961c2c",
                "ipv6_cidr_block": "",
                "local_gateway_id": "",
                "nat_gateway_id": "",
                "network_interface_id": "",
                "transit_gateway_id": "",
                "vpc_endpoint_id": "",
                "vpc_peering_connection_id": ""
              }
            ],
            "tags": {
              "Name": "Phoenix-Public-RT"
            },
            "tags_all": {
              "Name": "Phoenix-Public-RT"
            },
            "timeouts": null,
            "vpc_id": "vpc-0e8bb82cc7df38bed"
          },
          "sensitive_attributes": [],
          "private": "eyJlMmJmYjczMC1lY2FhLTExZTYtOGY4OC0zNDM2M2JjN2M0YzAiOnsiY3JlYXRlIjozMDAwMDAwMDAwMDAsImRlbGV0ZSI6MzAwMDAwMDAwMDAwLCJ1cGRhdGUiOjEyMDAwMDAwMDAwMH19",
          "dependencies": [
            "aws_internet_gateway.gw",
            "aws_vpc.main"
          ]
        }
      ]
    },
    {
      "mode": "managed",
      "type": "aws_route_table_association",
      "name": "public",
      "provider": "provider[\"registry.terraform.io/hashicorp/aws\"]",
      "instances": [
        {
          "schema_version": 0,
          "attributes": {
            "gateway_id": "",
            "id": "rtbassoc-05d45e6b30ee785e2",
            "region": "us-west-1",
            "route_table_id": "rtb-0738e36c709014908",
            "subnet_id": "subnet-0c5df2de9f630be41",
            "timeouts": null
          },
          "sensitive_attributes": [],
          "private": "eyJlMmJmYjczMC1lY2FhLTExZTYtOGY4OC0zNDM2M2JjN2M0YzAiOnsiY3JlYXRlIjozMDAwMDAwMDAwMDAsImRlbGV0ZSI6MzAwMDAwMDAwMDAwLCJ1cGRhdGUiOjEyMDAwMDAwMDAwMH19",
          "dependencies": [
            "aws_internet_gateway.gw",
            "aws_route_table.public",
            "aws_subnet.public",
            "aws_vpc.main"
          ]
        }
      ]
    },
    {
      "mode": "managed",
      "type": "aws_s3_bucket",
      "name": "state_bucket",
      "provider": "provider[\"registry.terraform.io/hashicorp/aws\"]",
      "instances": [
        {
          "schema_version": 0,
          "attributes": {
            "acceleration_status": "",
            "acl": null,
            "arn": "arn:aws:s3:::group-infra-selecao-eliasdantas.candidatoinfra1226",
            "bucket": "group-infra-selecao-eliasdantas.candidatoinfra1226",
            "bucket_domain_name": "group-infra-selecao-eliasdantas.candidatoinfra1226.s3.amazonaws.com",
            "bucket_prefix": "",
            "bucket_region": "us-west-1",
            "bucket_regional_domain_name": "group-infra-selecao-eliasdantas.candidatoinfra1226.s3.us-west-1.amazonaws.com",
            "cors_rule": [],
            "force_destroy": false,
            "grant": [
              {
                "id": "f769cacbae18b960639c497e4e50a6b219f66b9f9c95f436198b67accd7e90bf",
                "permissions": [
                  "FULL_CONTROL"
                ],
                "type": "CanonicalUser",
                "uri": ""
              }
            ],
            "hosted_zone_id": "Z2F56UZL2M1ACD",
            "id": "group-infra-selecao-eliasdantas.candidatoinfra1226",
            "lifecycle_rule": [],
            "logging": [],
            "object_lock_configuration": [],
            "object_lock_enabled": false,
            "policy": "",
            "region": "us-west-1",
            "replication_configuration": [],
            "request_payer": "BucketOwner",
            "server_side_encryption_configuration": [
              {
                "rule": [
                  {
                    "apply_server_side_encryption_by_default": [
                      {
                        "kms_master_key_id": "",
                        "sse_algorithm": "AES256"
                      }
                    ],
                    "bucket_key_enabled": false
                  }
                ]
              }
            ],
            "tags": null,
            "tags_all": {},
            "timeouts": null,
            "versioning": [
              {
                "enabled": false,
                "mfa_delete": false
              }
            ],
            "website": [],
            "website_domain": null,
            "website_endpoint": null
          },
          "sensitive_attributes": [],
          "private": "eyJlMmJmYjczMC1lY2FhLTExZTYtOGY4OC0zNDM2M2JjN2M0YzAiOnsiY3JlYXRlIjoxMjAwMDAwMDAwMDAwLCJkZWxldGUiOjM2MDAwMDAwMDAwMDAsInJlYWQiOjEyMDAwMDAwMDAwMDAsInVwZGF0ZSI6MTIwMDAwMDAwMDAwMH19"
        }
      ]
    },
    {
      "mode": "managed",
      "type": "aws_security_group",
      "name": "app_sg",
      "provider": "provider[\"registry.terraform.io/hashicorp/aws\"]",
      "instances": [
        {
          "schema_version": 1,
          "attributes": {
            "arn": "arn:aws:ec2:us-west-1:124664849530:security-group/sg-0f9d68eb998898aa2",
            "description": "Managed by Terraform",
            "egress": [
              {
                "cidr_blocks": [
                  "0.0.0.0/0"
                ],
                "description": "",
                "from_port": 0,
                "ipv6_cidr_blocks": [],
                "prefix_list_ids": [],
                "protocol": "-1",
                "security_groups": [],
                "self": false,
                "to_port": 0
              }
            ],
            "id": "sg-0f9d68eb998898aa2",
            "ingress": [
              {
                "cidr_blocks": [
                  "0.0.0.0/0"
                ],
                "description": "",
                "from_port": 5000,
                "ipv6_cidr_blocks": [],
                "prefix_list_ids": [],
                "protocol": "tcp",
                "security_groups": [],
                "self": false,
                "to_port": 5000
              }
            ],
            "name": "phoenix-sg20251204135445320500000001",
            "name_prefix": "phoenix-sg",
            "owner_id": "124664849530",
            "region": "us-west-1",
            "revoke_rules_on_delete": false,
            "tags": {
              "Name": "Phoenix-App-SG"
            },
            "tags_all": {
              "Name": "Phoenix-App-SG"
            },
            "timeouts": null,
            "vpc_id": "vpc-0e8bb82cc7df38bed"
          },
          "sensitive_attributes": [],
          "private": "eyJlMmJmYjczMC1lY2FhLTExZTYtOGY4OC0zNDM2M2JjN2M0YzAiOnsiY3JlYXRlIjo2MDAwMDAwMDAwMDAsImRlbGV0ZSI6OTAwMDAwMDAwMDAwfSwic2NoZW1hX3ZlcnNpb24iOiIxIn0=",
          "dependencies": [
            "aws_vpc.main"
          ]
        }
      ]
    },
    {
      "mode": "managed",
      "type": "aws_subnet",
      "name": "public",
      "provider": "provider[\"registry.terraform.io/hashicorp/aws\"]",
      "instances": [
        {
          "schema_version": 1,
          "attributes": {
            "arn": "arn:aws:ec2:us-west-1:124664849530:subnet/subnet-0c5df2de9f630be41",
            "assign_ipv6_address_on_creation": false,
            "availability_zone": "us-west-1a",
            "availability_zone_id": "usw1-az3",
            "cidr_block": "10.0.1.0/24",
            "customer_owned_ipv4_pool": "",
            "enable_dns64": false,
            "enable_lni_at_device_index": 0,
            "enable_resource_name_dns_a_record_on_launch": false,
            "enable_resource_name_dns_aaaa_record_on_launch": false,
            "id": "subnet-0c5df2de9f630be41",
            "ipv6_cidr_block": "",
            "ipv6_cidr_block_association_id": "",
            "ipv6_native": false,
            "map_customer_owned_ip_on_launch": false,
            "map_public_ip_on_launch": true,
            "outpost_arn": "",
            "owner_id": "124664849530",
            "private_dns_hostname_type_on_launch": "ip-name",
            "region": "us-west-1",
            "tags": {
              "Name": "Phoenix-Public-Subnet"
            },
            "tags_all": {
              "Name": "Phoenix-Public-Subnet"
            },
            "timeouts": null,
            "vpc_id": "vpc-0e8bb82cc7df38bed"
          },
          "sensitive_attributes": [],
          "private": "eyJlMmJmYjczMC1lY2FhLTExZTYtOGY4OC0zNDM2M2JjN2M0YzAiOnsiY3JlYXRlIjo2MDAwMDAwMDAwMDAsImRlbGV0ZSI6MTIwMDAwMDAwMDAwMH0sInNjaGVtYV92ZXJzaW9uIjoiMSJ9",
          "dependencies": [
            "aws_vpc.main"
          ]
        }
      ]
    },
    {
      "mode": "managed",
      "type": "aws_vpc",
      "name": "main",
      "provider": "provider[\"registry.terraform.io/hashicorp/aws\"]",
      "instances": [
        {
          "schema_version": 1,
          "attributes": {
            "arn": "arn:aws:ec2:us-west-1:124664849530:vpc/vpc-0e8bb82cc7df38bed",
            "assign_generated_ipv6_cidr_block": false,
            "cidr_block": "10.0.0.0/16",
            "default_network_acl_id": "acl-02ff963883a704813",
            "default_route_table_id": "rtb-0c0310fed2d959527",
            "default_security_group_id": "sg-07b4d3ecbaa3a4df2",
            "dhcp_options_id": "dopt-8f38d2e9",
            "enable_dns_hostnames": false,
            "enable_dns_support": true,
            "enable_network_address_usage_metrics": false,
            "id": "vpc-0e8bb82cc7df38bed",
            "instance_tenancy": "default",
            "ipv4_ipam_pool_id": null,
            "ipv4_netmask_length": null,
            "ipv6_association_id": "",
            "ipv6_cidr_block": "",
            "ipv6_cidr_block_network_border_group": "",
            "ipv6_ipam_pool_id": "",
            "ipv6_netmask_length": 0,
            "main_route_table_id": "rtb-0c0310fed2d959527",
            "owner_id": "124664849530",
            "region": "us-west-1",
            "tags": {
              "Name": "Phoenix-VPC"
            },
            "tags_all": {
              "Name": "Phoenix-VPC"
            }
          },
          "sensitive_attributes": [],
          "private": "eyJzY2hlbWFfdmVyc2lvbiI6IjEifQ=="
        }
      ]
    }
  ]
}
